// !$*UTF8*$!
{
	archiveVersion = 1;
	classes = {
	};
	objectVersion = 50;
	objects = {

/* Begin PBXBuildFile section */
		027AFCCD26050C4400FB8547 /* PhotoDataSource.swift in Sources */ = {isa = PBXBuildFile; fileRef = 027AFCCC26050C4400FB8547 /* PhotoDataSource.swift */; };
		027AFCD32605E5D000FB8547 /* PhotoViewController.swift in Sources */ = {isa = PBXBuildFile; fileRef = 027AFCD12605E5D000FB8547 /* PhotoViewController.swift */; };
		027AFCD42605E5D000FB8547 /* PhotoViewController.xib in Resources */ = {isa = PBXBuildFile; fileRef = 027AFCD22605E5D000FB8547 /* PhotoViewController.xib */; };
		027AFCD926071F3900FB8547 /* Extension.swift in Sources */ = {isa = PBXBuildFile; fileRef = 027AFCD826071F3900FB8547 /* Extension.swift */; };
		027AFCDC2607274000FB8547 /* FilterBankView&Cell.swift in Sources */ = {isa = PBXBuildFile; fileRef = 027AFCDB2607274000FB8547 /* FilterBankView&Cell.swift */; };
		027AFCE42607468100FB8547 /* SourceManager.swift in Sources */ = {isa = PBXBuildFile; fileRef = 027AFCE32607468100FB8547 /* SourceManager.swift */; };
		029D032026043A7E0062938E /* AppDelegate.swift in Sources */ = {isa = PBXBuildFile; fileRef = 029D031F26043A7E0062938E /* AppDelegate.swift */; };
		029D032226043A7E0062938E /* SceneDelegate.swift in Sources */ = {isa = PBXBuildFile; fileRef = 029D032126043A7E0062938E /* SceneDelegate.swift */; };
		029D032426043A7E0062938E /* ViewController.swift in Sources */ = {isa = PBXBuildFile; fileRef = 029D032326043A7E0062938E /* ViewController.swift */; };
		029D032726043A7E0062938E /* Main.storyboard in Resources */ = {isa = PBXBuildFile; fileRef = 029D032526043A7E0062938E /* Main.storyboard */; };
		029D032926043A850062938E /* Assets.xcassets in Resources */ = {isa = PBXBuildFile; fileRef = 029D032826043A850062938E /* Assets.xcassets */; };
		029D032C26043A850062938E /* LaunchScreen.storyboard in Resources */ = {isa = PBXBuildFile; fileRef = 029D032A26043A850062938E /* LaunchScreen.storyboard */; };
		029D0336260450560062938E /* AlbumView&Cell.swift in Sources */ = {isa = PBXBuildFile; fileRef = 029D0335260450560062938E /* AlbumView&Cell.swift */; };
		029D033A260461510062938E /* PhotoView&Cell.swift in Sources */ = {isa = PBXBuildFile; fileRef = 029D0339260461510062938E /* PhotoView&Cell.swift */; };
/* End PBXBuildFile section */

/* Begin PBXFileReference section */
		027AFCCC26050C4400FB8547 /* PhotoDataSource.swift */ = {isa = PBXFileReference; lastKnownFileType = sourcecode.swift; path = PhotoDataSource.swift; sourceTree = "<group>"; };
		027AFCD12605E5D000FB8547 /* PhotoViewController.swift */ = {isa = PBXFileReference; lastKnownFileType = sourcecode.swift; path = PhotoViewController.swift; sourceTree = "<group>"; };
		027AFCD22605E5D000FB8547 /* PhotoViewController.xib */ = {isa = PBXFileReference; lastKnownFileType = file.xib; path = PhotoViewController.xib; sourceTree = "<group>"; };
		027AFCD826071F3900FB8547 /* Extension.swift */ = {isa = PBXFileReference; lastKnownFileType = sourcecode.swift; path = Extension.swift; sourceTree = "<group>"; };
		027AFCDB2607274000FB8547 /* FilterBankView&Cell.swift */ = {isa = PBXFileReference; lastKnownFileType = sourcecode.swift; path = "FilterBankView&Cell.swift"; sourceTree = "<group>"; };
		027AFCE32607468100FB8547 /* SourceManager.swift */ = {isa = PBXFileReference; lastKnownFileType = sourcecode.swift; path = SourceManager.swift; sourceTree = "<group>"; };
		029D031C26043A7E0062938E /* 这货不是相册.app */ = {isa = PBXFileReference; explicitFileType = wrapper.application; includeInIndex = 0; path = "这货不是相册.app"; sourceTree = BUILT_PRODUCTS_DIR; };
		029D031F26043A7E0062938E /* AppDelegate.swift */ = {isa = PBXFileReference; lastKnownFileType = sourcecode.swift; path = AppDelegate.swift; sourceTree = "<group>"; };
		029D032126043A7E0062938E /* SceneDelegate.swift */ = {isa = PBXFileReference; lastKnownFileType = sourcecode.swift; path = SceneDelegate.swift; sourceTree = "<group>"; };
		029D032326043A7E0062938E /* ViewController.swift */ = {isa = PBXFileReference; lastKnownFileType = sourcecode.swift; path = ViewController.swift; sourceTree = "<group>"; };
		029D032626043A7E0062938E /* Base */ = {isa = PBXFileReference; lastKnownFileType = file.storyboard; name = Base; path = Base.lproj/Main.storyboard; sourceTree = "<group>"; };
		029D032826043A850062938E /* Assets.xcassets */ = {isa = PBXFileReference; lastKnownFileType = folder.assetcatalog; path = Assets.xcassets; sourceTree = "<group>"; };
		029D032B26043A850062938E /* Base */ = {isa = PBXFileReference; lastKnownFileType = file.storyboard; name = Base; path = Base.lproj/LaunchScreen.storyboard; sourceTree = "<group>"; };
		029D032D26043A850062938E /* Info.plist */ = {isa = PBXFileReference; lastKnownFileType = text.plist.xml; path = Info.plist; sourceTree = "<group>"; };
		029D0335260450560062938E /* AlbumView&Cell.swift */ = {isa = PBXFileReference; lastKnownFileType = sourcecode.swift; path = "AlbumView&Cell.swift"; sourceTree = "<group>"; };
		029D0339260461510062938E /* PhotoView&Cell.swift */ = {isa = PBXFileReference; lastKnownFileType = sourcecode.swift; path = "PhotoView&Cell.swift"; sourceTree = "<group>"; };
/* End PBXFileReference section */

/* Begin PBXFrameworksBuildPhase section */
		029D031926043A7E0062938E /* Frameworks */ = {
			isa = PBXFrameworksBuildPhase;
			buildActionMask = 2147483647;
			files = (
			);
			runOnlyForDeploymentPostprocessing = 0;
		};
/* End PBXFrameworksBuildPhase section */

/* Begin PBXGroup section */
		029D031326043A7E0062938E = {
			isa = PBXGroup;
			children = (
				029D031E26043A7E0062938E /* 这货不是相册 */,
				029D031D26043A7E0062938E /* Products */,
			);
			sourceTree = "<group>";
		};
		029D031D26043A7E0062938E /* Products */ = {
			isa = PBXGroup;
			children = (
				029D031C26043A7E0062938E /* 这货不是相册.app */,
			);
			name = Products;
			sourceTree = "<group>";
		};
		029D031E26043A7E0062938E /* 这货不是相册 */ = {
			isa = PBXGroup;
			children = (
				029D031F26043A7E0062938E /* AppDelegate.swift */,
				029D032126043A7E0062938E /* SceneDelegate.swift */,
				029D032326043A7E0062938E /* ViewController.swift */,
				029D0335260450560062938E /* AlbumView&Cell.swift */,
				027AFCD826071F3900FB8547 /* Extension.swift */,
				027AFCE32607468100FB8547 /* SourceManager.swift */,
				029D032526043A7E0062938E /* Main.storyboard */,
				029D0339260461510062938E /* PhotoView&Cell.swift */,
				027AFCDB2607274000FB8547 /* FilterBankView&Cell.swift */,
				027AFCCC26050C4400FB8547 /* PhotoDataSource.swift */,
				027AFCD12605E5D000FB8547 /* PhotoViewController.swift */,
				027AFCD22605E5D000FB8547 /* PhotoViewController.xib */,
				029D032826043A850062938E /* Assets.xcassets */,
				029D032A26043A850062938E /* LaunchScreen.storyboard */,
				029D032D26043A850062938E /* Info.plist */,
			);
			path = "这货不是相册";
			sourceTree = "<group>";
		};
/* End PBXGroup section */

/* Begin PBXNativeTarget section */
		029D031B26043A7E0062938E /* 这货不是相册 */ = {
			isa = PBXNativeTarget;
			buildConfigurationList = 029D033026043A850062938E /* Build configuration list for PBXNativeTarget "这货不是相册" */;
			buildPhases = (
				029D031826043A7E0062938E /* Sources */,
				029D031926043A7E0062938E /* Frameworks */,
				029D031A26043A7E0062938E /* Resources */,
			);
			buildRules = (
			);
			dependencies = (
			);
			name = "这货不是相册";
			productName = "这货不是相册";
			productReference = 029D031C26043A7E0062938E /* 这货不是相册.app */;
			productType = "com.apple.product-type.application";
		};
/* End PBXNativeTarget section */

/* Begin PBXProject section */
		029D031426043A7E0062938E /* Project object */ = {
			isa = PBXProject;
			attributes = {
				LastSwiftUpdateCheck = 1230;
				LastUpgradeCheck = 1230;
				TargetAttributes = {
					029D031B26043A7E0062938E = {
						CreatedOnToolsVersion = 12.3;
					};
				};
			};
			buildConfigurationList = 029D031726043A7E0062938E /* Build configuration list for PBXProject "这货不是相册" */;
			compatibilityVersion = "Xcode 9.3";
			developmentRegion = en;
			hasScannedForEncodings = 0;
			knownRegions = (
				en,
				Base,
			);
			mainGroup = 029D031326043A7E0062938E;
			productRefGroup = 029D031D26043A7E0062938E /* Products */;
			projectDirPath = "";
			projectRoot = "";
			targets = (
				029D031B26043A7E0062938E /* 这货不是相册 */,
			);
		};
/* End PBXProject section */

/* Begin PBXResourcesBuildPhase section */
		029D031A26043A7E0062938E /* Resources */ = {
			isa = PBXResourcesBuildPhase;
			buildActionMask = 2147483647;
			files = (
				029D032C26043A850062938E /* LaunchScreen.storyboard in Resources */,
				027AFCD42605E5D000FB8547 /* PhotoViewController.xib in Resources */,
				029D032926043A850062938E /* Assets.xcassets in Resources */,
				029D032726043A7E0062938E /* Main.storyboard in Resources */,
			);
			runOnlyForDeploymentPostprocessing = 0;
		};
/* End PBXResourcesBuildPhase section */

/* Begin PBXSourcesBuildPhase section */
		029D031826043A7E0062938E /* Sources */ = {
			isa = PBXSourcesBuildPhase;
			buildActionMask = 2147483647;
			files = (
				029D032426043A7E0062938E /* ViewController.swift in Sources */,
				029D032026043A7E0062938E /* AppDelegate.swift in Sources */,
				029D0336260450560062938E /* AlbumView&Cell.swift in Sources */,
				027AFCE42607468100FB8547 /* SourceManager.swift in Sources */,
				027AFCCD26050C4400FB8547 /* PhotoDataSource.swift in Sources */,
				027AFCD32605E5D000FB8547 /* PhotoViewController.swift in Sources */,
				029D033A260461510062938E /* PhotoView&Cell.swift in Sources */,
				027AFCDC2607274000FB8547 /* FilterBankView&Cell.swift in Sources */,
				029D032226043A7E0062938E /* SceneDelegate.swift in Sources */,
				027AFCD926071F3900FB8547 /* Extension.swift in Sources */,
			);
			runOnlyForDeploymentPostprocessing = 0;
		};
/* End PBXSourcesBuildPhase section */

/* Begin PBXVariantGroup section */
		029D032526043A7E0062938E /* Main.storyboard */ = {
			isa = PBXVariantGroup;
			children = (
				029D032626043A7E0062938E /* Base */,
			);
			name = Main.storyboard;
			sourceTree = "<group>";
		};
		029D032A26043A850062938E /* LaunchScreen.storyboard */ = {
			isa = PBXVariantGroup;
			children = (
				029D032B26043A850062938E /* Base */,
			);
			name = LaunchScreen.storyboard;
			sourceTree = "<group>";
		};
/* End PBXVariantGroup section */

/* Begin XCBuildConfiguration section */
		029D032E26043A850062938E /* Debug */ = {
			isa = XCBuildConfiguration;
			buildSettings = {
				ALWAYS_SEARCH_USER_PATHS = NO;
				CLANG_ANALYZER_NONNULL = YES;
				CLANG_ANALYZER_NUMBER_OBJECT_CONVERSION = YES_AGGRESSIVE;
				CLANG_CXX_LANGUAGE_STANDARD = "gnu++14";
				CLANG_CXX_LIBRARY = "libc++";
				CLANG_ENABLE_MODULES = YES;
				CLANG_ENABLE_OBJC_ARC = YES;
				CLANG_ENABLE_OBJC_WEAK = YES;
				CLANG_WARN_BLOCK_CAPTURE_AUTORELEASING = YES;
				CLANG_WARN_BOOL_CONVERSION = YES;
				CLANG_WARN_COMMA = YES;
				CLANG_WARN_CONSTANT_CONVERSION = YES;
				CLANG_WARN_DEPRECATED_OBJC_IMPLEMENTATIONS = YES;
				CLANG_WARN_DIRECT_OBJC_ISA_USAGE = YES_ERROR;
				CLANG_WARN_DOCUMENTATION_COMMENTS = YES;
				CLANG_WARN_EMPTY_BODY = YES;
				CLANG_WARN_ENUM_CONVERSION = YES;
				CLANG_WARN_INFINITE_RECURSION = YES;
				CLANG_WARN_INT_CONVERSION = YES;
				CLANG_WARN_NON_LITERAL_NULL_CONVERSION = YES;
				CLANG_WARN_OBJC_IMPLICIT_RETAIN_SELF = YES;
				CLANG_WARN_OBJC_LITERAL_CONVERSION = YES;
				CLANG_WARN_OBJC_ROOT_CLASS = YES_ERROR;
				CLANG_WARN_QUOTED_INCLUDE_IN_FRAMEWORK_HEADER = YES;
				CLANG_WARN_RANGE_LOOP_ANALYSIS = YES;
				CLANG_WARN_STRICT_PROTOTYPES = YES;
				CLANG_WARN_SUSPICIOUS_MOVE = YES;
				CLANG_WARN_UNGUARDED_AVAILABILITY = YES_AGGRESSIVE;
				CLANG_WARN_UNREACHABLE_CODE = YES;
				CLANG_WARN__DUPLICATE_METHOD_MATCH = YES;
				COPY_PHASE_STRIP = NO;
				DEBUG_INFORMATION_FORMAT = dwarf;
				ENABLE_STRICT_OBJC_MSGSEND = YES;
				ENABLE_TESTABILITY = YES;
				GCC_C_LANGUAGE_STANDARD = gnu11;
				GCC_DYNAMIC_NO_PIC = NO;
				GCC_NO_COMMON_BLOCKS = YES;
				GCC_OPTIMIZATION_LEVEL = 0;
				GCC_PREPROCESSOR_DEFINITIONS = (
					"DEBUG=1",
					"$(inherited)",
				);
				GCC_WARN_64_TO_32_BIT_CONVERSION = YES;
				GCC_WARN_ABOUT_RETURN_TYPE = YES_ERROR;
				GCC_WARN_UNDECLARED_SELECTOR = YES;
				GCC_WARN_UNINITIALIZED_AUTOS = YES_AGGRESSIVE;
				GCC_WARN_UNUSED_FUNCTION = YES;
				GCC_WARN_UNUSED_VARIABLE = YES;
				IPHONEOS_DEPLOYMENT_TARGET = 14.3;
				MTL_ENABLE_DEBUG_INFO = INCLUDE_SOURCE;
				MTL_FAST_MATH = YES;
				ONLY_ACTIVE_ARCH = YES;
				SDKROOT = iphoneos;
				SWIFT_ACTIVE_COMPILATION_CONDITIONS = DEBUG;
				SWIFT_OPTIMIZATION_LEVEL = "-Onone";
			};
			name = Debug;
		};
		029D032F26043A850062938E /* Release */ = {
			isa = XCBuildConfiguration;
			buildSettings = {
				ALWAYS_SEARCH_USER_PATHS = NO;
				CLANG_ANALYZER_NONNULL = YES;
				CLANG_ANALYZER_NUMBER_OBJECT_CONVERSION = YES_AGGRESSIVE;
				CLANG_CXX_LANGUAGE_STANDARD = "gnu++14";
				CLANG_CXX_LIBRARY = "libc++";
				CLANG_ENABLE_MODULES = YES;
				CLANG_ENABLE_OBJC_ARC = YES;
				CLANG_ENABLE_OBJC_WEAK = YES;
				CLANG_WARN_BLOCK_CAPTURE_AUTORELEASING = YES;
				CLANG_WARN_BOOL_CONVERSION = YES;
				CLANG_WARN_COMMA = YES;
				CLANG_WARN_CONSTANT_CONVERSION = YES;
				CLANG_WARN_DEPRECATED_OBJC_IMPLEMENTATIONS = YES;
				CLANG_WARN_DIRECT_OBJC_ISA_USAGE = YES_ERROR;
				CLANG_WARN_DOCUMENTATION_COMMENTS = YES;
				CLANG_WARN_EMPTY_BODY = YES;
				CLANG_WARN_ENUM_CONVERSION = YES;
				CLANG_WARN_INFINITE_RECURSION = YES;
				CLANG_WARN_INT_CONVERSION = YES;
				CLANG_WARN_NON_LITERAL_NULL_CONVERSION = YES;
				CLANG_WARN_OBJC_IMPLICIT_RETAIN_SELF = YES;
				CLANG_WARN_OBJC_LITERAL_CONVERSION = YES;
				CLANG_WARN_OBJC_ROOT_CLASS = YES_ERROR;
				CLANG_WARN_QUOTED_INCLUDE_IN_FRAMEWORK_HEADER = YES;
				CLANG_WARN_RANGE_LOOP_ANALYSIS = YES;
				CLANG_WARN_STRICT_PROTOTYPES = YES;
				CLANG_WARN_SUSPICIOUS_MOVE = YES;
				CLANG_WARN_UNGUARDED_AVAILABILITY = YES_AGGRESSIVE;
				CLANG_WARN_UNREACHABLE_CODE = YES;
				CLANG_WARN__DUPLICATE_METHOD_MATCH = YES;
				COPY_PHASE_STRIP = NO;
				DEBUG_INFORMATION_FORMAT = "dwarf-with-dsym";
				ENABLE_NS_ASSERTIONS = NO;
				ENABLE_STRICT_OBJC_MSGSEND = YES;
				GCC_C_LANGUAGE_STANDARD = gnu11;
				GCC_NO_COMMON_BLOCKS = YES;
				GCC_WARN_64_TO_32_BIT_CONVERSION = YES;
				GCC_WARN_ABOUT_RETURN_TYPE = YES_ERROR;
				GCC_WARN_UNDECLARED_SELECTOR = YES;
				GCC_WARN_UNINITIALIZED_AUTOS = YES_AGGRESSIVE;
				GCC_WARN_UNUSED_FUNCTION = YES;
				GCC_WARN_UNUSED_VARIABLE = YES;
				IPHONEOS_DEPLOYMENT_TARGET = 14.3;
				MTL_ENABLE_DEBUG_INFO = NO;
				MTL_FAST_MATH = YES;
				SDKROOT = iphoneos;
				SWIFT_COMPILATION_MODE = wholemodule;
				SWIFT_OPTIMIZATION_LEVEL = "-O";
				VALIDATE_PRODUCT = YES;
			};
			name = Release;
		};
		029D033126043A850062938E /* Debug */ = {
			isa = XCBuildConfiguration;
			buildSettings = {
				ASSETCATALOG_COMPILER_APPICON_NAME = AppIcon;
				ASSETCATALOG_COMPILER_GLOBAL_ACCENT_COLOR_NAME = AccentColor;
				CODE_SIGN_STYLE = Automatic;
				DEVELOPMENT_TEAM = T7NAA5AVVJ;
				INFOPLIST_FILE = "这货不是相册/Info.plist";
				LD_RUNPATH_SEARCH_PATHS = (
					"$(inherited)",
					"@executable_path/Frameworks",
				);
				PRODUCT_BUNDLE_IDENTIFIER = "XHZ.------";
				PRODUCT_NAME = "$(TARGET_NAME)";
				SWIFT_VERSION = 5.0;
				TARGETED_DEVICE_FAMILY = "1,2";
			};
			name = Debug;
		};
		029D033226043A850062938E /* Release */ = {
			isa = XCBuildConfiguration;
			buildSettings = {
				ASSETCATALOG_COMPILER_APPICON_NAME = AppIcon;
				ASSETCATALOG_COMPILER_GLOBAL_ACCENT_COLOR_NAME = AccentColor;
				CODE_SIGN_STYLE = Automatic;
				DEVELOPMENT_TEAM = T7NAA5AVVJ;
				INFOPLIST_FILE = "这货不是相册/Info.plist";
				LD_RUNPATH_SEARCH_PATHS = (
					"$(inherited)",
					"@executable_path/Frameworks",
				);
				PRODUCT_BUNDLE_IDENTIFIER = "XHZ.------";
				PRODUCT_NAME = "$(TARGET_NAME)";
				SWIFT_VERSION = 5.0;
				TARGETED_DEVICE_FAMILY = "1,2";
			};
			name = Release;
		};
/* End XCBuildConfiguration section */

/* Begin XCConfigurationList section */
		029D031726043A7E0062938E /* Build configuration list for PBXProject "这货不是相册" */ = {
			isa = XCConfigurationList;
			buildConfigurations = (
				029D032E26043A850062938E /* Debug */,
				029D032F26043A850062938E /* Release */,
			);
			defaultConfigurationIsVisible = 0;
			defaultConfigurationName = Release;
		};
		029D033026043A850062938E /* Build configuration list for PBXNativeTarget "这货不是相册" */ = {
			isa = XCConfigurationList;
			buildConfigurations = (
				029D033126043A850062938E /* Debug */,
				029D033226043A850062938E /* Release */,
			);
			defaultConfigurationIsVisible = 0;
			defaultConfigurationName = Release;
		};
/* End XCConfigurationList section */
	};
	rootObject = 029D031426043A7E0062938E /* Project object */;
}
